// !$*UTF8*$!
{
	archiveVersion = 1;
	classes = {
	};
	objectVersion = 46;
	objects = {

/* Begin PBXBuildFile section */
		574FAFB01B56A0D400DA6524 /* AppDelegate.swift in Sources */ = {isa = PBXBuildFile; fileRef = 574FAFAF1B56A0D400DA6524 /* AppDelegate.swift */; };
		574FAFB21B56A0D400DA6524 /* ViewController.swift in Sources */ = {isa = PBXBuildFile; fileRef = 574FAFB11B56A0D400DA6524 /* ViewController.swift */; };
		574FAFB51B56A0D400DA6524 /* Main.storyboard in Resources */ = {isa = PBXBuildFile; fileRef = 574FAFB31B56A0D400DA6524 /* Main.storyboard */; };
		574FAFB71B56A0D400DA6524 /* Images.xcassets in Resources */ = {isa = PBXBuildFile; fileRef = 574FAFB61B56A0D400DA6524 /* Images.xcassets */; };
		574FAFBA1B56A0D400DA6524 /* LaunchScreen.xib in Resources */ = {isa = PBXBuildFile; fileRef = 574FAFB81B56A0D400DA6524 /* LaunchScreen.xib */; };
		574FAFC61B56A0D400DA6524 /* PomodoroTests.swift in Sources */ = {isa = PBXBuildFile; fileRef = 574FAFC51B56A0D400DA6524 /* PomodoroTests.swift */; };
/* End PBXBuildFile section */

/* Begin PBXContainerItemProxy section */
		574FAFC01B56A0D400DA6524 /* PBXContainerItemProxy */ = {
			isa = PBXContainerItemProxy;
			containerPortal = 574FAFA21B56A0D300DA6524 /* Project object */;
			proxyType = 1;
			remoteGlobalIDString = 574FAFA91B56A0D300DA6524;
			remoteInfo = Pomodoro;
		};
/* End PBXContainerItemProxy section */

/* Begin PBXFileReference section */
		574FAFAA1B56A0D400DA6524 /* Pomodoro.app */ = {isa = PBXFileReference; explicitFileType = wrapper.application; includeInIndex = 0; path = Pomodoro.app; sourceTree = BUILT_PRODUCTS_DIR; };
		574FAFAE1B56A0D400DA6524 /* Info.plist */ = {isa = PBXFileReference; lastKnownFileType = text.plist.xml; path = Info.plist; sourceTree = "<group>"; };
		574FAFAF1B56A0D400DA6524 /* AppDelegate.swift */ = {isa = PBXFileReference; lastKnownFileType = sourcecode.swift; path = AppDelegate.swift; sourceTree = "<group>"; };
		574FAFB11B56A0D400DA6524 /* ViewController.swift */ = {isa = PBXFileReference; lastKnownFileType = sourcecode.swift; path = ViewController.swift; sourceTree = "<group>"; };
		574FAFB41B56A0D400DA6524 /* Base */ = {isa = PBXFileReference; lastKnownFileType = file.storyboard; name = Base; path = Base.lproj/Main.storyboard; sourceTree = "<group>"; };
		574FAFB61B56A0D400DA6524 /* Images.xcassets */ = {isa = PBXFileReference; lastKnownFileType = folder.assetcatalog; path = Images.xcassets; sourceTree = "<group>"; };
		574FAFB91B56A0D400DA6524 /* Base */ = {isa = PBXFileReference; lastKnownFileType = file.xib; name = Base; path = Base.lproj/LaunchScreen.xib; sourceTree = "<group>"; };
		574FAFBF1B56A0D400DA6524 /* PomodoroTests.xctest */ = {isa = PBXFileReference; explicitFileType = wrapper.cfbundle; includeInIndex = 0; path = PomodoroTests.xctest; sourceTree = BUILT_PRODUCTS_DIR; };
		574FAFC41B56A0D400DA6524 /* Info.plist */ = {isa = PBXFileReference; lastKnownFileType = text.plist.xml; path = Info.plist; sourceTree = "<group>"; };
		574FAFC51B56A0D400DA6524 /* PomodoroTests.swift */ = {isa = PBXFileReference; lastKnownFileType = sourcecode.swift; path = PomodoroTests.swift; sourceTree = "<group>"; };
/* End PBXFileReference section */

/* Begin PBXFrameworksBuildPhase section */
		574FAFA71B56A0D300DA6524 /* Frameworks */ = {
			isa = PBXFrameworksBuildPhase;
			buildActionMask = 2147483647;
			files = (
			);
			runOnlyForDeploymentPostprocessing = 0;
		};
		574FAFBC1B56A0D400DA6524 /* Frameworks */ = {
			isa = PBXFrameworksBuildPhase;
			buildActionMask = 2147483647;
			files = (
			);
			runOnlyForDeploymentPostprocessing = 0;
		};
/* End PBXFrameworksBuildPhase section */

/* Begin PBXGroup section */
		574FAFA11B56A0D300DA6524 = {
			isa = PBXGroup;
			children = (
				574FAFAC1B56A0D400DA6524 /* Pomodoro */,
				574FAFC21B56A0D400DA6524 /* PomodoroTests */,
				574FAFAB1B56A0D400DA6524 /* Products */,
			);
			sourceTree = "<group>";
		};
		574FAFAB1B56A0D400DA6524 /* Products */ = {
			isa = PBXGroup;
			children = (
				574FAFAA1B56A0D400DA6524 /* Pomodoro.app */,
				574FAFBF1B56A0D400DA6524 /* PomodoroTests.xctest */,
			);
			name = Products;
			sourceTree = "<group>";
		};
		574FAFAC1B56A0D400DA6524 /* Pomodoro */ = {
			isa = PBXGroup;
			children = (
				574FAFAF1B56A0D400DA6524 /* AppDelegate.swift */,
				574FAFB11B56A0D400DA6524 /* ViewController.swift */,
				574FAFB31B56A0D400DA6524 /* Main.storyboard */,
				574FAFB61B56A0D400DA6524 /* Images.xcassets */,
				574FAFB81B56A0D400DA6524 /* LaunchScreen.xib */,
				574FAFAD1B56A0D400DA6524 /* Supporting Files */,
			);
			path = Pomodoro;
			sourceTree = "<group>";
		};
		574FAFAD1B56A0D400DA6524 /* Supporting Files */ = {
			isa = PBXGroup;
			children = (
				574FAFAE1B56A0D400DA6524 /* Info.plist */,
			);
			name = "Supporting Files";
			sourceTree = "<group>";
		};
		574FAFC21B56A0D400DA6524 /* PomodoroTests */ = {
			isa = PBXGroup;
			children = (
				574FAFC51B56A0D400DA6524 /* PomodoroTests.swift */,
				574FAFC31B56A0D400DA6524 /* Supporting Files */,
			);
			path = PomodoroTests;
			sourceTree = "<group>";
		};
		574FAFC31B56A0D400DA6524 /* Supporting Files */ = {
			isa = PBXGroup;
			children = (
				574FAFC41B56A0D400DA6524 /* Info.plist */,
			);
			name = "Supporting Files";
			sourceTree = "<group>";
		};
/* End PBXGroup section */

/* Begin PBXNativeTarget section */
		574FAFA91B56A0D300DA6524 /* Pomodoro */ = {
			isa = PBXNativeTarget;
			buildConfigurationList = 574FAFC91B56A0D400DA6524 /* Build configuration list for PBXNativeTarget "Pomodoro" */;
			buildPhases = (
				574FAFA61B56A0D300DA6524 /* Sources */,
				574FAFA71B56A0D300DA6524 /* Frameworks */,
				574FAFA81B56A0D300DA6524 /* Resources */,
			);
			buildRules = (
			);
			dependencies = (
			);
			name = Pomodoro;
			productName = Pomodoro;
			productReference = 574FAFAA1B56A0D400DA6524 /* Pomodoro.app */;
			productType = "com.apple.product-type.application";
		};
		574FAFBE1B56A0D400DA6524 /* PomodoroTests */ = {
			isa = PBXNativeTarget;
			buildConfigurationList = 574FAFCC1B56A0D400DA6524 /* Build configuration list for PBXNativeTarget "PomodoroTests" */;
			buildPhases = (
				574FAFBB1B56A0D400DA6524 /* Sources */,
				574FAFBC1B56A0D400DA6524 /* Frameworks */,
				574FAFBD1B56A0D400DA6524 /* Resources */,
			);
			buildRules = (
			);
			dependencies = (
				574FAFC11B56A0D400DA6524 /* PBXTargetDependency */,
			);
			name = PomodoroTests;
			productName = PomodoroTests;
			productReference = 574FAFBF1B56A0D400DA6524 /* PomodoroTests.xctest */;
			productType = "com.apple.product-type.bundle.unit-test";
		};
/* End PBXNativeTarget section */

/* Begin PBXProject section */
		574FAFA21B56A0D300DA6524 /* Project object */ = {
			isa = PBXProject;
			attributes = {
				LastUpgradeCheck = 0640;
				ORGANIZATIONNAME = "Thiago Borges";
				TargetAttributes = {
					574FAFA91B56A0D300DA6524 = {
						CreatedOnToolsVersion = 6.4;
					};
					574FAFBE1B56A0D400DA6524 = {
						CreatedOnToolsVersion = 6.4;
						TestTargetID = 574FAFA91B56A0D300DA6524;
					};
				};
			};
			buildConfigurationList = 574FAFA51B56A0D300DA6524 /* Build configuration list for PBXProject "Pomodoro" */;
			compatibilityVersion = "Xcode 3.2";
			developmentRegion = English;
			hasScannedForEncodings = 0;
			knownRegions = (
				en,
				Base,
			);
			mainGroup = 574FAFA11B56A0D300DA6524;
			productRefGroup = 574FAFAB1B56A0D400DA6524 /* Products */;
			projectDirPath = "";
			projectRoot = "";
			targets = (
				574FAFA91B56A0D300DA6524 /* Pomodoro */,
				574FAFBE1B56A0D400DA6524 /* PomodoroTests */,
			);
		};
/* End PBXProject section */

/* Begin PBXResourcesBuildPhase section */
		574FAFA81B56A0D300DA6524 /* Resources */ = {
			isa = PBXResourcesBuildPhase;
			buildActionMask = 2147483647;
			files = (
				574FAFB51B56A0D400DA6524 /* Main.storyboard in Resources */,
				574FAFBA1B56A0D400DA6524 /* LaunchScreen.xib in Resources */,
				574FAFB71B56A0D400DA6524 /* Images.xcassets in Resources */,
			);
			runOnlyForDeploymentPostprocessing = 0;
		};
		574FAFBD1B56A0D400DA6524 /* Resources */ = {
			isa = PBXResourcesBuildPhase;
			buildActionMask = 2147483647;
			files = (
			);
			runOnlyForDeploymentPostprocessing = 0;
		};
/* End PBXResourcesBuildPhase section */

/* Begin PBXSourcesBuildPhase section */
		574FAFA61B56A0D300DA6524 /* Sources */ = {
			isa = PBXSourcesBuildPhase;
			buildActionMask = 2147483647;
			files = (
				574FAFB21B56A0D400DA6524 /* ViewController.swift in Sources */,
				574FAFB01B56A0D400DA6524 /* AppDelegate.swift in Sources */,
			);
			runOnlyForDeploymentPostprocessing = 0;
		};
		574FAFBB1B56A0D400DA6524 /* Sources */ = {
			isa = PBXSourcesBuildPhase;
			buildActionMask = 2147483647;
			files = (
				574FAFC61B56A0D400DA6524 /* PomodoroTests.swift in Sources */,
			);
			runOnlyForDeploymentPostprocessing = 0;
		};
/* End PBXSourcesBuildPhase section */

/* Begin PBXTargetDependency section */
		574FAFC11B56A0D400DA6524 /* PBXTargetDependency */ = {
			isa = PBXTargetDependency;
			target = 574FAFA91B56A0D300DA6524 /* Pomodoro */;
			targetProxy = 574FAFC01B56A0D400DA6524 /* PBXContainerItemProxy */;
		};
/* End PBXTargetDependency section */

/* Begin PBXVariantGroup section */
		574FAFB31B56A0D400DA6524 /* Main.storyboard */ = {
			isa = PBXVariantGroup;
			children = (
				574FAFB41B56A0D400DA6524 /* Base */,
			);
			name = Main.storyboard;
			sourceTree = "<group>";
		};
		574FAFB81B56A0D400DA6524 /* LaunchScreen.xib */ = {
			isa = PBXVariantGroup;
			children = (
				574FAFB91B56A0D400DA6524 /* Base */,
			);
			name = LaunchScreen.xib;
			sourceTree = "<group>";
		};
/* End PBXVariantGroup section */

/* Begin XCBuildConfiguration section */
		574FAFC71B56A0D400DA6524 /* Debug */ = {
			isa = XCBuildConfiguration;
			buildSettings = {
				ALWAYS_SEARCH_USER_PATHS = NO;
				CLANG_CXX_LANGUAGE_STANDARD = "gnu++0x";
				CLANG_CXX_LIBRARY = "libc++";
				CLANG_ENABLE_MODULES = YES;
				CLANG_ENABLE_OBJC_ARC = YES;
				CLANG_WARN_BOOL_CONVERSION = YES;
				CLANG_WARN_CONSTANT_CONVERSION = YES;
				CLANG_WARN_DIRECT_OBJC_ISA_USAGE = YES_ERROR;
				CLANG_WARN_EMPTY_BODY = YES;
				CLANG_WARN_ENUM_CONVERSION = YES;
				CLANG_WARN_INT_CONVERSION = YES;
				CLANG_WARN_OBJC_ROOT_CLASS = YES_ERROR;
				CLANG_WARN_UNREACHABLE_CODE = YES;
				CLANG_WARN__DUPLICATE_METHOD_MATCH = YES;
				"CODE_SIGN_IDENTITY[sdk=iphoneos*]" = "iPhone Developer";
				COPY_PHASE_STRIP = NO;
				DEBUG_INFORMATION_FORMAT = "dwarf-with-dsym";
				ENABLE_STRICT_OBJC_MSGSEND = YES;
				GCC_C_LANGUAGE_STANDARD = gnu99;
				GCC_DYNAMIC_NO_PIC = NO;
				GCC_NO_COMMON_BLOCKS = YES;
				GCC_OPTIMIZATION_LEVEL = 0;
				GCC_PREPROCESSOR_DEFINITIONS = (
					"DEBUG=1",
					"$(inherited)",
				);
				GCC_SYMBOLS_PRIVATE_EXTERN = NO;
				GCC_WARN_64_TO_32_BIT_CONVERSION = YES;
				GCC_WARN_ABOUT_RETURN_TYPE = YES_ERROR;
				GCC_WARN_UNDECLARED_SELECTOR = YES;
				GCC_WARN_UNINITIALIZED_AUTOS = YES_AGGRESSIVE;
				GCC_WARN_UNUSED_FUNCTION = YES;
				GCC_WARN_UNUSED_VARIABLE = YES;
				IPHONEOS_DEPLOYMENT_TARGET = 8.4;
				MTL_ENABLE_DEBUG_INFO = YES;
				ONLY_ACTIVE_ARCH = YES;
				SDKROOT = iphoneos;
				SWIFT_OPTIMIZATION_LEVEL = "-Onone";
			};
			name = Debug;
		};
		574FAFC81B56A0D400DA6524 /* Release */ = {
			isa = XCBuildConfiguration;
			buildSettings = {
				ALWAYS_SEARCH_USER_PATHS = NO;
				CLANG_CXX_LANGUAGE_STANDARD = "gnu++0x";
				CLANG_CXX_LIBRARY = "libc++";
				CLANG_ENABLE_MODULES = YES;
				CLANG_ENABLE_OBJC_ARC = YES;
				CLANG_WARN_BOOL_CONVERSION = YES;
				CLANG_WARN_CONSTANT_CONVERSION = YES;
				CLANG_WARN_DIRECT_OBJC_ISA_USAGE = YES_ERROR;
				CLANG_WARN_EMPTY_BODY = YES;
				CLANG_WARN_ENUM_CONVERSION = YES;
				CLANG_WARN_INT_CONVERSION = YES;
				CLANG_WARN_OBJC_ROOT_CLASS = YES_ERROR;
				CLANG_WARN_UNREACHABLE_CODE = YES;
				CLANG_WARN__DUPLICATE_METHOD_MATCH = YES;
				"CODE_SIGN_IDENTITY[sdk=iphoneos*]" = "iPhone Developer";
				COPY_PHASE_STRIP = NO;
				DEBUG_INFORMATION_FORMAT = "dwarf-with-dsym";
				ENABLE_NS_ASSERTIONS = NO;
				ENABLE_STRICT_OBJC_MSGSEND = YES;
				GCC_C_LANGUAGE_STANDARD = gnu99;
				GCC_NO_COMMON_BLOCKS = YES;
				GCC_WARN_64_TO_32_BIT_CONVERSION = YES;
				GCC_WARN_ABOUT_RETURN_TYPE = YES_ERROR;
				GCC_WARN_UNDECLARED_SELECTOR = YES;
				GCC_WARN_UNINITIALIZED_AUTOS = YES_AGGRESSIVE;
				GCC_WARN_UNUSED_FUNCTION = YES;
				GCC_WARN_UNUSED_VARIABLE = YES;
				IPHONEOS_DEPLOYMENT_TARGET = 8.4;
				MTL_ENABLE_DEBUG_INFO = NO;
				SDKROOT = iphoneos;
				VALIDATE_PRODUCT = YES;
			};
			name = Release;
		};
		574FAFCA1B56A0D400DA6524 /* Debug */ = {
			isa = XCBuildConfiguration;
			buildSettings = {
				ASSETCATALOG_COMPILER_APPICON_NAME = AppIcon;
				INFOPLIST_FILE = Pomodoro/Info.plist;
				LD_RUNPATH_SEARCH_PATHS = "$(inherited) @executable_path/Frameworks";
				PRODUCT_NAME = "$(TARGET_NAME)";
			};
			name = Debug;
		};
		574FAFCB1B56A0D400DA6524 /* Release */ = {
			isa = XCBuildConfiguration;
			buildSettings = {
				ASSETCATALOG_COMPILER_APPICON_NAME = AppIcon;
				INFOPLIST_FILE = Pomodoro/Info.plist;
				LD_RUNPATH_SEARCH_PATHS = "$(inherited) @executable_path/Frameworks";
				PRODUCT_NAME = "$(TARGET_NAME)";
			};
			name = Release;
		};
		574FAFCD1B56A0D400DA6524 /* Debug */ = {
			isa = XCBuildConfiguration;
			buildSettings = {
				BUNDLE_LOADER = "$(TEST_HOST)";
				FRAMEWORK_SEARCH_PATHS = (
					"$(SDKROOT)/Developer/Library/Frameworks",
					"$(inherited)",
				);
				GCC_PREPROCESSOR_DEFINITIONS = (
					"DEBUG=1",
					"$(inherited)",
				);
				INFOPLIST_FILE = PomodoroTests/Info.plist;
				LD_RUNPATH_SEARCH_PATHS = "$(inherited) @executable_path/Frameworks @loader_path/Frameworks";
				PRODUCT_NAME = "$(TARGET_NAME)";
				TEST_HOST = "$(BUILT_PRODUCTS_DIR)/Pomodoro.app/Pomodoro";
			};
			name = Debug;
		};
		574FAFCE1B56A0D400DA6524 /* Release */ = {
			isa = XCBuildConfiguration;
			buildSettings = {
				BUNDLE_LOADER = "$(TEST_HOST)";
				FRAMEWORK_SEARCH_PATHS = (
					"$(SDKROOT)/Developer/Library/Frameworks",
					"$(inherited)",
				);
				INFOPLIST_FILE = PomodoroTests/Info.plist;
				LD_RUNPATH_SEARCH_PATHS = "$(inherited) @executable_path/Frameworks @loader_path/Frameworks";
				PRODUCT_NAME = "$(TARGET_NAME)";
				TEST_HOST = "$(BUILT_PRODUCTS_DIR)/Pomodoro.app/Pomodoro";
			};
			name = Release;
		};
/* End XCBuildConfiguration section */

/* Begin XCConfigurationList section */
		574FAFA51B56A0D300DA6524 /* Build configuration list for PBXProject "Pomodoro" */ = {
			isa = XCConfigurationList;
			buildConfigurations = (
				574FAFC71B56A0D400DA6524 /* Debug */,
				574FAFC81B56A0D400DA6524 /* Release */,
			);
			defaultConfigurationIsVisible = 0;
			defaultConfigurationName = Release;
		};
		574FAFC91B56A0D400DA6524 /* Build configuration list for PBXNativeTarget "Pomodoro" */ = {
			isa = XCConfigurationList;
			buildConfigurations = (
				574FAFCA1B56A0D400DA6524 /* Debug */,
				574FAFCB1B56A0D400DA6524 /* Release */,
			);
			defaultConfigurationIsVisible = 0;
		};
		574FAFCC1B56A0D400DA6524 /* Build configuration list for PBXNativeTarget "PomodoroTests" */ = {
			isa = XCConfigurationList;
			buildConfigurations = (
				574FAFCD1B56A0D400DA6524 /* Debug */,
				574FAFCE1B56A0D400DA6524 /* Release */,
			);
			defaultConfigurationIsVisible = 0;
		};
/* End XCConfigurationList section */
	};
	rootObject = 574FAFA21B56A0D300DA6524 /* Project object */;
}
